
Microsoft Visual Studio Solution File, Format Version 12.00
# Visual Studio Version 17
VisualStudioVersion = 17.5.33516.290
MinimumVisualStudioVersion = 10.0.40219.1
Project("{9A19103F-16F7-4668-BE54-9A1E7A4F7556}") = "Essensplangenerator", "Essensplangenerator.csproj", "{9D52E0E3-E5A3-48C9-9506-B8615A23E182}"
EndProject
Project("{7CF6DF6D-3B04-46F8-A40B-537D21BCA0B4}") = "Documentation1", "..\Documentation1\Documentation1.shfbproj", "{C0B38DB6-1F79-499B-AAB1-F18E3B3AAC32}"
EndProject
Global
	GlobalSection(SolutionConfigurationPlatforms) = preSolution
		Debug|Any CPU = Debug|Any CPU
		Release|Any CPU = Release|Any CPU
	EndGlobalSection
	GlobalSection(ProjectConfigurationPlatforms) = postSolution
		{9D52E0E3-E5A3-48C9-9506-B8615A23E182}.Debug|Any CPU.ActiveCfg = Debug|Any CPU
		{9D52E0E3-E5A3-48C9-9506-B8615A23E182}.Debug|Any CPU.Build.0 = Debug|Any CPU
		{9D52E0E3-E5A3-48C9-9506-B8615A23E182}.Release|Any CPU.ActiveCfg = Release|Any CPU
		{9D52E0E3-E5A3-48C9-9506-B8615A23E182}.Release|Any CPU.Build.0 = Release|Any CPU
		{C0B38DB6-1F79-499B-AAB1-F18E3B3AAC32}.Debug|Any CPU.ActiveCfg = Debug|Any CPU
		{C0B38DB6-1F79-499B-AAB1-F18E3B3AAC32}.Debug|Any CPU.Build.0 = Debug|Any CPU
		{C0B38DB6-1F79-499B-AAB1-F18E3B3AAC32}.Release|Any CPU.ActiveCfg = Release|Any CPU
		{C0B38DB6-1F79-499B-AAB1-F18E3B3AAC32}.Release|Any CPU.Build.0 = Release|Any CPU
	EndGlobalSection
	GlobalSection(SolutionProperties) = preSolution
		HideSolutionNode = FALSE
	EndGlobalSection
	GlobalSection(ExtensibilityGlobals) = postSolution
		SolutionGuid = {BADF3544-5FB9-42AC-9773-E484AED3E7FD}
	EndGlobalSection
EndGlobal
